// !$*UTF8*$!
{
	archiveVersion = 1;
	classes = {
	};
	objectVersion = 46;
	objects = {

/* Begin PBXBuildFile section */
		AE1A870A1E82194F00C15BD3 /* main.m in Sources */ = {isa = PBXBuildFile; fileRef = AE1A87091E82194F00C15BD3 /* main.m */; };
		AE1A870D1E82194F00C15BD3 /* AppDelegate.m in Sources */ = {isa = PBXBuildFile; fileRef = AE1A870C1E82194F00C15BD3 /* AppDelegate.m */; };
		AE1A87101E82194F00C15BD3 /* ViewController.m in Sources */ = {isa = PBXBuildFile; fileRef = AE1A870F1E82194F00C15BD3 /* ViewController.m */; };
		AE1A87131E82194F00C15BD3 /* Main.storyboard in Resources */ = {isa = PBXBuildFile; fileRef = AE1A87111E82194F00C15BD3 /* Main.storyboard */; };
		AE1A87151E82194F00C15BD3 /* Assets.xcassets in Resources */ = {isa = PBXBuildFile; fileRef = AE1A87141E82194F00C15BD3 /* Assets.xcassets */; };
		AE1A87181E82194F00C15BD3 /* LaunchScreen.storyboard in Resources */ = {isa = PBXBuildFile; fileRef = AE1A87161E82194F00C15BD3 /* LaunchScreen.storyboard */; };
		AE1A872D1E821DCD00C15BD3 /* HCPrintHello.m in Sources */ = {isa = PBXBuildFile; fileRef = AE1A872C1E821DCD00C15BD3 /* HCPrintHello.m */; };
/* End PBXBuildFile section */

/* Begin PBXFileReference section */
		AE1A87051E82194F00C15BD3 /* HCPodsTest.app */ = {isa = PBXFileReference; explicitFileType = wrapper.application; includeInIndex = 0; path = HCPodsTest.app; sourceTree = BUILT_PRODUCTS_DIR; };
		AE1A87091E82194F00C15BD3 /* main.m */ = {isa = PBXFileReference; lastKnownFileType = sourcecode.c.objc; path = main.m; sourceTree = "<group>"; };
		AE1A870B1E82194F00C15BD3 /* AppDelegate.h */ = {isa = PBXFileReference; lastKnownFileType = sourcecode.c.h; path = AppDelegate.h; sourceTree = "<group>"; };
		AE1A870C1E82194F00C15BD3 /* AppDelegate.m */ = {isa = PBXFileReference; lastKnownFileType = sourcecode.c.objc; path = AppDelegate.m; sourceTree = "<group>"; };
		AE1A870E1E82194F00C15BD3 /* ViewController.h */ = {isa = PBXFileReference; lastKnownFileType = sourcecode.c.h; path = ViewController.h; sourceTree = "<group>"; };
		AE1A870F1E82194F00C15BD3 /* ViewController.m */ = {isa = PBXFileReference; lastKnownFileType = sourcecode.c.objc; path = ViewController.m; sourceTree = "<group>"; };
		AE1A87121E82194F00C15BD3 /* Base */ = {isa = PBXFileReference; lastKnownFileType = file.storyboard; name = Base; path = Base.lproj/Main.storyboard; sourceTree = "<group>"; };
		AE1A87141E82194F00C15BD3 /* Assets.xcassets */ = {isa = PBXFileReference; lastKnownFileType = folder.assetcatalog; path = Assets.xcassets; sourceTree = "<group>"; };
		AE1A87171E82194F00C15BD3 /* Base */ = {isa = PBXFileReference; lastKnownFileType = file.storyboard; name = Base; path = Base.lproj/LaunchScreen.storyboard; sourceTree = "<group>"; };
		AE1A87191E82194F00C15BD3 /* Info.plist */ = {isa = PBXFileReference; lastKnownFileType = text.plist.xml; path = Info.plist; sourceTree = "<group>"; };
		AE1A872B1E821DCD00C15BD3 /* HCPrintHello.h */ = {isa = PBXFileReference; fileEncoding = 4; lastKnownFileType = sourcecode.c.h; path = HCPrintHello.h; sourceTree = "<group>"; };
		AE1A872C1E821DCD00C15BD3 /* HCPrintHello.m */ = {isa = PBXFileReference; fileEncoding = 4; lastKnownFileType = sourcecode.c.objc; path = HCPrintHello.m; sourceTree = "<group>"; };
/* End PBXFileReference section */

/* Begin PBXFrameworksBuildPhase section */
		AE1A87021E82194F00C15BD3 /* Frameworks */ = {
			isa = PBXFrameworksBuildPhase;
			buildActionMask = 2147483647;
			files = (
			);
			runOnlyForDeploymentPostprocessing = 0;
		};
/* End PBXFrameworksBuildPhase section */

/* Begin PBXGroup section */
		AE1A86FC1E82194F00C15BD3 = {
			isa = PBXGroup;
			children = (
				AE1A87071E82194F00C15BD3 /* HCPodsTest */,
				AE1A87061E82194F00C15BD3 /* Products */,
			);
			sourceTree = "<group>";
		};
		AE1A87061E82194F00C15BD3 /* Products */ = {
			isa = PBXGroup;
			children = (
				AE1A87051E82194F00C15BD3 /* HCPodsTest.app */,
			);
			name = Products;
			sourceTree = "<group>";
		};
		AE1A87071E82194F00C15BD3 /* HCPodsTest */ = {
			isa = PBXGroup;
			children = (
				AE1A872A1E821DCD00C15BD3 /* HCPrint */,
				AE1A870B1E82194F00C15BD3 /* AppDelegate.h */,
				AE1A870C1E82194F00C15BD3 /* AppDelegate.m */,
				AE1A870E1E82194F00C15BD3 /* ViewController.h */,
				AE1A870F1E82194F00C15BD3 /* ViewController.m */,
				AE1A87111E82194F00C15BD3 /* Main.storyboard */,
				AE1A87141E82194F00C15BD3 /* Assets.xcassets */,
				AE1A87161E82194F00C15BD3 /* LaunchScreen.storyboard */,
				AE1A87191E82194F00C15BD3 /* Info.plist */,
				AE1A87081E82194F00C15BD3 /* Supporting Files */,
			);
			path = HCPodsTest;
			sourceTree = "<group>";
		};
		AE1A87081E82194F00C15BD3 /* Supporting Files */ = {
			isa = PBXGroup;
			children = (
				AE1A87091E82194F00C15BD3 /* main.m */,
			);
			name = "Supporting Files";
			sourceTree = "<group>";
		};
		AE1A872A1E821DCD00C15BD3 /* HCPrint */ = {
			isa = PBXGroup;
			children = (
				AE1A872B1E821DCD00C15BD3 /* HCPrintHello.h */,
				AE1A872C1E821DCD00C15BD3 /* HCPrintHello.m */,
			);
			path = HCPrint;
			sourceTree = SOURCE_ROOT;
		};
/* End PBXGroup section */

/* Begin PBXNativeTarget section */
		AE1A87041E82194F00C15BD3 /* HCPodsTest */ = {
			isa = PBXNativeTarget;
			buildConfigurationList = AE1A871C1E82194F00C15BD3 /* Build configuration list for PBXNativeTarget "HCPodsTest" */;
			buildPhases = (
				AE1A87011E82194F00C15BD3 /* Sources */,
				AE1A87021E82194F00C15BD3 /* Frameworks */,
				AE1A87031E82194F00C15BD3 /* Resources */,
			);
			buildRules = (
			);
			dependencies = (
			);
			name = HCPodsTest;
			productName = HCPodsTest;
			productReference = AE1A87051E82194F00C15BD3 /* HCPodsTest.app */;
			productType = "com.apple.product-type.application";
		};
/* End PBXNativeTarget section */

/* Begin PBXProject section */
		AE1A86FD1E82194F00C15BD3 /* Project object */ = {
			isa = PBXProject;
			attributes = {
				LastUpgradeCheck = 0820;
				ORGANIZATIONNAME = HC;
				TargetAttributes = {
					AE1A87041E82194F00C15BD3 = {
						CreatedOnToolsVersion = 8.2.1;
						DevelopmentTeam = 277KSTGEL7;
						ProvisioningStyle = Automatic;
					};
				};
			};
			buildConfigurationList = AE1A87001E82194F00C15BD3 /* Build configuration list for PBXProject "HCPodsTest" */;
			compatibilityVersion = "Xcode 3.2";
			developmentRegion = English;
			hasScannedForEncodings = 0;
			knownRegions = (
				en,
				Base,
			);
			mainGroup = AE1A86FC1E82194F00C15BD3;
			productRefGroup = AE1A87061E82194F00C15BD3 /* Products */;
			projectDirPath = "";
			projectRoot = "";
			targets = (
				AE1A87041E82194F00C15BD3 /* HCPodsTest */,
			);
		};
/* End PBXProject section */

/* Begin PBXResourcesBuildPhase section */
		AE1A87031E82194F00C15BD3 /* Resources */ = {
			isa = PBXResourcesBuildPhase;
			buildActionMask = 2147483647;
			files = (
				AE1A87181E82194F00C15BD3 /* LaunchScreen.storyboard in Resources */,
				AE1A87151E82194F00C15BD3 /* Assets.xcassets in Resources */,
				AE1A87131E82194F00C15BD3 /* Main.storyboard in Resources */,
			);
			runOnlyForDeploymentPostprocessing = 0;
		};
/* End PBXResourcesBuildPhase section */

/* Begin PBXSourcesBuildPhase section */
		AE1A87011E82194F00C15BD3 /* Sources */ = {
			isa = PBXSourcesBuildPhase;
			buildActionMask = 2147483647;
			files = (
				AE1A87101E82194F00C15BD3 /* ViewController.m in Sources */,
				AE1A872D1E821DCD00C15BD3 /* HCPrintHello.m in Sources */,
				AE1A870D1E82194F00C15BD3 /* AppDelegate.m in Sources */,
				AE1A870A1E82194F00C15BD3 /* main.m in Sources */,
			);
			runOnlyForDeploymentPostprocessing = 0;
		};
/* End PBXSourcesBuildPhase section */

/* Begin PBXVariantGroup section */
		AE1A87111E82194F00C15BD3 /* Main.storyboard */ = {
			isa = PBXVariantGroup;
			children = (
				AE1A87121E82194F00C15BD3 /* Base */,
			);
			name = Main.storyboard;
			sourceTree = "<group>";
		};
		AE1A87161E82194F00C15BD3 /* LaunchScreen.storyboard */ = {
			isa = PBXVariantGroup;
			children = (
				AE1A87171E82194F00C15BD3 /* Base */,
			);
			name = LaunchScreen.storyboard;
			sourceTree = "<group>";
		};
/* End PBXVariantGroup section */

/* Begin XCBuildConfiguration section */
		AE1A871A1E82194F00C15BD3 /* Debug */ = {
			isa = XCBuildConfiguration;
			buildSettings = {
				ALWAYS_SEARCH_USER_PATHS = NO;
				CLANG_ANALYZER_NONNULL = YES;
				CLANG_CXX_LANGUAGE_STANDARD = "gnu++0x";
				CLANG_CXX_LIBRARY = "libc++";
				CLANG_ENABLE_MODULES = YES;
				CLANG_ENABLE_OBJC_ARC = YES;
				CLANG_WARN_BOOL_CONVERSION = YES;
				CLANG_WARN_CONSTANT_CONVERSION = YES;
				CLANG_WARN_DIRECT_OBJC_ISA_USAGE = YES_ERROR;
				CLANG_WARN_DOCUMENTATION_COMMENTS = YES;
				CLANG_WARN_EMPTY_BODY = YES;
				CLANG_WARN_ENUM_CONVERSION = YES;
				CLANG_WARN_INFINITE_RECURSION = YES;
				CLANG_WARN_INT_CONVERSION = YES;
				CLANG_WARN_OBJC_ROOT_CLASS = YES_ERROR;
				CLANG_WARN_SUSPICIOUS_MOVE = YES;
				CLANG_WARN_UNREACHABLE_CODE = YES;
				CLANG_WARN__DUPLICATE_METHOD_MATCH = YES;
				"CODE_SIGN_IDENTITY[sdk=iphoneos*]" = "iPhone Developer";
				COPY_PHASE_STRIP = NO;
				DEBUG_INFORMATION_FORMAT = dwarf;
				ENABLE_STRICT_OBJC_MSGSEND = YES;
				ENABLE_TESTABILITY = YES;
				GCC_C_LANGUAGE_STANDARD = gnu99;
				GCC_DYNAMIC_NO_PIC = NO;
				GCC_NO_COMMON_BLOCKS = YES;
				GCC_OPTIMIZATION_LEVEL = 0;
				GCC_PREPROCESSOR_DEFINITIONS = (
					"DEBUG=1",
					"$(inherited)",
				);
				GCC_WARN_64_TO_32_BIT_CONVERSION = YES;
				GCC_WARN_ABOUT_RETURN_TYPE = YES_ERROR;
				GCC_WARN_UNDECLARED_SELECTOR = YES;
				GCC_WARN_UNINITIALIZED_AUTOS = YES_AGGRESSIVE;
				GCC_WARN_UNUSED_FUNCTION = YES;
				GCC_WARN_UNUSED_VARIABLE = YES;
				IPHONEOS_DEPLOYMENT_TARGET = 10.2;
				MTL_ENABLE_DEBUG_INFO = YES;
				ONLY_ACTIVE_ARCH = YES;
				SDKROOT = iphoneos;
			};
			name = Debug;
		};
		AE1A871B1E82194F00C15BD3 /* Release */ = {
			isa = XCBuildConfiguration;
			buildSettings = {
				ALWAYS_SEARCH_USER_PATHS = NO;
				CLANG_ANALYZER_NONNULL = YES;
				CLANG_CXX_LANGUAGE_STANDARD = "gnu++0x";
				CLANG_CXX_LIBRARY = "libc++";
				CLANG_ENABLE_MODULES = YES;
				CLANG_ENABLE_OBJC_ARC = YES;
				CLANG_WARN_BOOL_CONVERSION = YES;
				CLANG_WARN_CONSTANT_CONVERSION = YES;
				CLANG_WARN_DIRECT_OBJC_ISA_USAGE = YES_ERROR;
				CLANG_WARN_DOCUMENTATION_COMMENTS = YES;
				CLANG_WARN_EMPTY_BODY = YES;
				CLANG_WARN_ENUM_CONVERSION = YES;
				CLANG_WARN_INFINITE_RECURSION = YES;
				CLANG_WARN_INT_CONVERSION = YES;
				CLANG_WARN_OBJC_ROOT_CLASS = YES_ERROR;
				CLANG_WARN_SUSPICIOUS_MOVE = YES;
				CLANG_WARN_UNREACHABLE_CODE = YES;
				CLANG_WARN__DUPLICATE_METHOD_MATCH = YES;
				"CODE_SIGN_IDENTITY[sdk=iphoneos*]" = "iPhone Developer";
				COPY_PHASE_STRIP = NO;
				DEBUG_INFORMATION_FORMAT = "dwarf-with-dsym";
				ENABLE_NS_ASSERTIONS = NO;
				ENABLE_STRICT_OBJC_MSGSEND = YES;
				GCC_C_LANGUAGE_STANDARD = gnu99;
				GCC_NO_COMMON_BLOCKS = YES;
				GCC_WARN_64_TO_32_BIT_CONVERSION = YES;
				GCC_WARN_ABOUT_RETURN_TYPE = YES_ERROR;
				GCC_WARN_UNDECLARED_SELECTOR = YES;
				GCC_WARN_UNINITIALIZED_AUTOS = YES_AGGRESSIVE;
				GCC_WARN_UNUSED_FUNCTION = YES;
				GCC_WARN_UNUSED_VARIABLE = YES;
				IPHONEOS_DEPLOYMENT_TARGET = 10.2;
				MTL_ENABLE_DEBUG_INFO = NO;
				SDKROOT = iphoneos;
				VALIDATE_PRODUCT = YES;
			};
			name = Release;
		};
		AE1A871D1E82194F00C15BD3 /* Debug */ = {
			isa = XCBuildConfiguration;
			buildSettings = {
				ASSETCATALOG_COMPILER_APPICON_NAME = AppIcon;
				DEVELOPMENT_TEAM = 277KSTGEL7;
				INFOPLIST_FILE = HCPodsTest/Info.plist;
				LD_RUNPATH_SEARCH_PATHS = "$(inherited) @executable_path/Frameworks";
				PRODUCT_BUNDLE_IDENTIFIER = com.iOS.HCPodsTest;
				PRODUCT_NAME = "$(TARGET_NAME)";
			};
			name = Debug;
		};
		AE1A871E1E82194F00C15BD3 /* Release */ = {
			isa = XCBuildConfiguration;
			buildSettings = {
				ASSETCATALOG_COMPILER_APPICON_NAME = AppIcon;
				DEVELOPMENT_TEAM = 277KSTGEL7;
				INFOPLIST_FILE = HCPodsTest/Info.plist;
				LD_RUNPATH_SEARCH_PATHS = "$(inherited) @executable_path/Frameworks";
				PRODUCT_BUNDLE_IDENTIFIER = com.iOS.HCPodsTest;
				PRODUCT_NAME = "$(TARGET_NAME)";
			};
			name = Release;
		};
/* End XCBuildConfiguration section */

/* Begin XCConfigurationList section */
		AE1A87001E82194F00C15BD3 /* Build configuration list for PBXProject "HCPodsTest" */ = {
			isa = XCConfigurationList;
			buildConfigurations = (
				AE1A871A1E82194F00C15BD3 /* Debug */,
				AE1A871B1E82194F00C15BD3 /* Release */,
			);
			defaultConfigurationIsVisible = 0;
			defaultConfigurationName = Release;
		};
		AE1A871C1E82194F00C15BD3 /* Build configuration list for PBXNativeTarget "HCPodsTest" */ = {
			isa = XCConfigurationList;
			buildConfigurations = (
				AE1A871D1E82194F00C15BD3 /* Debug */,
				AE1A871E1E82194F00C15BD3 /* Release */,
			);
			defaultConfigurationIsVisible = 0;
			defaultConfigurationName = Release;
		};
/* End XCConfigurationList section */
	};
	rootObject = AE1A86FD1E82194F00C15BD3 /* Project object */;
}
